
Microsoft Visual Studio Solution File, Format Version 12.00
# Visual Studio Version 17
VisualStudioVersion = 17.14.36221.1
MinimumVisualStudioVersion = 10.0.40219.1
Project("{FAE04EC0-301F-11D3-BF4B-00C04F79EFBC}") = "UcakBiletiRezervasyonSistemi", "UcakBiletiRezervasyonSistemi.csproj", "{FB67202E-103C-4C50-BB0A-8E82AB7EEAB3}"
EndProject
Global
	GlobalSection(SolutionConfigurationPlatforms) = preSolution
		Debug|Any CPU = Debug|Any CPU
		Release|Any CPU = Release|Any CPU
	EndGlobalSection
	GlobalSection(ProjectConfigurationPlatforms) = postSolution
		{FB67202E-103C-4C50-BB0A-8E82AB7EEAB3}.Debug|Any CPU.ActiveCfg = Debug|Any CPU
		{FB67202E-103C-4C50-BB0A-8E82AB7EEAB3}.Debug|Any CPU.Build.0 = Debug|Any CPU
		{FB67202E-103C-4C50-BB0A-8E82AB7EEAB3}.Release|Any CPU.ActiveCfg = Release|Any CPU
		{FB67202E-103C-4C50-BB0A-8E82AB7EEAB3}.Release|Any CPU.Build.0 = Release|Any CPU
	EndGlobalSection
	GlobalSection(SolutionProperties) = preSolution
		HideSolutionNode = FALSE
	EndGlobalSection
	GlobalSection(ExtensibilityGlobals) = postSolution
		SolutionGuid = {5FB72D0F-D6BE-43E3-8914-1A5948EB6E4D}
	EndGlobalSection
EndGlobal
